<?xml version="1.0" encoding="UTF-8"?>
<Scheme LastUpgradeVersion="2620" version="1.7">
  <BuildAction parallelizeBuildables="YES" buildImplicitDependencies="YES">
    <BuildActionEntries>
      <BuildActionEntry buildForTesting="YES" buildForRunning="YES" buildForProfiling="YES" buildForArchiving="YES" buildForAnalyzing="YES">
        <BuildableReference BuildableIdentifier="primary" BlueprintIdentifier="F76B1DFB2F5E1A520043FEAE" BuildableName="Illuminate.app" BlueprintName="Illuminate" ReferencedContainer="container:Illuminate.xcodeproj">
        </BuildableReference>
      </BuildActionEntry>
    </BuildActionEntries>
  </BuildAction>
  <TestAction buildConfiguration="Debug" selectedDebuggerIdentifier="Xcode.DebuggerFoundation.Debugger.LLDB" selectedLauncherIdentifier="Xcode.DebuggerFoundation.Launcher.LLDB" shouldUseLaunchSchemeArgsEnv="YES" codeCoverageEnabled="YES">
    <Testables>
      <TestableReference skipped="NO">
        <BuildableReference BuildableIdentifier="primary" BlueprintIdentifier="F76B1E0A2F5E1A550043FEAE" BuildableName="IlluminateTests.xctest" BlueprintName="IlluminateTests" ReferencedContainer="container:Illuminate.xcodeproj">
        </BuildableReference>
      </TestableReference>
      <TestableReference skipped="NO" parallelizable="NO">
        <BuildableReference BuildableIdentifier="primary" BlueprintIdentifier="F7A0000A2F5E1A550043FEAE" BuildableName="IlluminateUITests.xctest" BlueprintName="IlluminateUITests" ReferencedContainer="container:Illuminate.xcodeproj">
        </BuildableReference>
      </TestableReference>
    </Testables>
    <MacroExpansion>
      <BuildableReference BuildableIdentifier="primary" BlueprintIdentifier="F76B1DFB2F5E1A520043FEAE" BuildableName="Illuminate.app" BlueprintName="Illuminate" ReferencedContainer="container:Illuminate.xcodeproj">
      </BuildableReference>
    </MacroExpansion>
    <CodeCoverageTargets>
      <BuildableReference BuildableIdentifier="primary" BlueprintIdentifier="F76B1DFB2F5E1A520043FEAE" BuildableName="Illuminate.app" BlueprintName="Illuminate" ReferencedContainer="container:Illuminate.xcodeproj">
      </BuildableReference>
    </CodeCoverageTargets>
  </TestAction>
  <LaunchAction buildConfiguration="Debug" selectedDebuggerIdentifier="Xcode.DebuggerFoundation.Debugger.LLDB" selectedLauncherIdentifier="Xcode.DebuggerFoundation.Launcher.LLDB" launchStyle="0" useCustomWorkingDirectory="NO" ignoresPersistentStateOnLaunch="NO" debugDocumentVersioning="YES" allowLocationSimulation="YES">
    <BuildableProductRunnable runnableDebuggingMode="0">
      <BuildableReference BuildableIdentifier="primary" BlueprintIdentifier="F76B1DFB2F5E1A520043FEAE" BuildableName="Illuminate.app" BlueprintName="Illuminate" ReferencedContainer="container:Illuminate.xcodeproj">
      </BuildableReference>
    </BuildableProductRunnable>
  </LaunchAction>
  <ProfileAction buildConfiguration="Release" shouldUseLaunchSchemeArgsEnv="YES" savedToolIdentifier="" useCustomWorkingDirectory="NO" debugDocumentVersioning="YES">
    <BuildableProductRunnable runnableDebuggingMode="0">
      <BuildableReference BuildableIdentifier="primary" BlueprintIdentifier="F76B1DFB2F5E1A520043FEAE" BuildableName="Illuminate.app" BlueprintName="Illuminate" ReferencedContainer="container:Illuminate.xcodeproj">
      </BuildableReference>
    </BuildableProductRunnable>
  </ProfileAction>
  <AnalyzeAction buildConfiguration="Debug" />
  <ArchiveAction buildConfiguration="Release" revealArchiveInOrganizer="YES" />
</Scheme>
