// !$*UTF8*$!
{
	archiveVersion = 1;
	classes = {
	};
	objectVersion = 77;
	objects = {

/* Begin PBXBuildFile section */
		F76B1F872F5E21580043FEAE /* SwiftData.framework in Frameworks */ = {isa = PBXBuildFile; fileRef = F76B1F852F5E213A0043FEAE /* SwiftData.framework */; };
		F76B1F8A2F5E21590043FEAE /* WebKit.framework in Frameworks */ = {isa = PBXBuildFile; fileRef = F76B1F832F5E21300043FEAE /* WebKit.framework */; };
/* End PBXBuildFile section */

/* Begin PBXContainerItemProxy section */
		F76B1E0C2F5E1A550043FEAE /* PBXContainerItemProxy */ = {
			isa = PBXContainerItemProxy;
			containerPortal = F76B1DF42F5E1A520043FEAE /* Project object */;
			proxyType = 1;
			remoteGlobalIDString = F76B1DFB2F5E1A520043FEAE;
			remoteInfo = Illuminate;
		};
		F7A0000C2F5E1A550043FEAE /* PBXContainerItemProxy */ = {
			isa = PBXContainerItemProxy;
			containerPortal = F76B1DF42F5E1A520043FEAE /* Project object */;
			proxyType = 1;
			remoteGlobalIDString = F76B1DFB2F5E1A520043FEAE;
			remoteInfo = Illuminate;
		};
/* End PBXContainerItemProxy section */

/* Begin PBXFileReference section */
		F76B1DFC2F5E1A520043FEAE /* Illuminate.app */ = {isa = PBXFileReference; explicitFileType = wrapper.application; includeInIndex = 0; path = Illuminate.app; sourceTree = BUILT_PRODUCTS_DIR; };
		F76B1E0B2F5E1A550043FEAE /* IlluminateTests.xctest */ = {isa = PBXFileReference; explicitFileType = wrapper.cfbundle; includeInIndex = 0; path = IlluminateTests.xctest; sourceTree = BUILT_PRODUCTS_DIR; };
		F76B1F832F5E21300043FEAE /* WebKit.framework */ = {isa = PBXFileReference; lastKnownFileType = wrapper.framework; name = WebKit.framework; path = System/Library/Frameworks/WebKit.framework; sourceTree = SDKROOT; };
		F76B1F852F5E213A0043FEAE /* SwiftData.framework */ = {isa = PBXFileReference; lastKnownFileType = wrapper.framework; name = SwiftData.framework; path = System/Library/Frameworks/SwiftData.framework; sourceTree = SDKROOT; };
		F7A0000B2F5E1A550043FEAE /* IlluminateUITests.xctest */ = {isa = PBXFileReference; explicitFileType = wrapper.cfbundle; includeInIndex = 0; path = IlluminateUITests.xctest; sourceTree = BUILT_PRODUCTS_DIR; };
/* End PBXFileReference section */

/* Begin PBXFileSystemSynchronizedRootGroup section */
		F76B1DFE2F5E1A520043FEAE /* Illuminate */ = {
			isa = PBXFileSystemSynchronizedRootGroup;
			path = Illuminate;
			sourceTree = "<group>";
		};
		F76B1E0E2F5E1A550043FEAE /* IlluminateTests */ = {
			isa = PBXFileSystemSynchronizedRootGroup;
			path = IlluminateTests;
			sourceTree = "<group>";
		};
		F7A0000E2F5E1A550043FEAE /* IlluminateUITests */ = {
			isa = PBXFileSystemSynchronizedRootGroup;
			path = IlluminateUITests;
			sourceTree = "<group>";
		};
/* End PBXFileSystemSynchronizedRootGroup section */

/* Begin PBXFrameworksBuildPhase section */
		F76B1DF92F5E1A520043FEAE /* Frameworks */ = {
			isa = PBXFrameworksBuildPhase;
			buildActionMask = 2147483647;
			files = (
				F76B1F8A2F5E21590043FEAE /* WebKit.framework in Frameworks */,
				F76B1F872F5E21580043FEAE /* SwiftData.framework in Frameworks */,
			);
			runOnlyForDeploymentPostprocessing = 0;
		};
		F76B1E082F5E1A550043FEAE /* Frameworks */ = {
			isa = PBXFrameworksBuildPhase;
			buildActionMask = 2147483647;
			files = (
			);
			runOnlyForDeploymentPostprocessing = 0;
		};
		F7A000082F5E1A550043FEAE /* Frameworks */ = {
			isa = PBXFrameworksBuildPhase;
			buildActionMask = 2147483647;
			files = (
			);
			runOnlyForDeploymentPostprocessing = 0;
		};
/* End PBXFrameworksBuildPhase section */

/* Begin PBXGroup section */
		F76B1DF32F5E1A520043FEAE = {
			isa = PBXGroup;
			children = (
				F76B1DFE2F5E1A520043FEAE /* Illuminate */,
				F76B1E0E2F5E1A550043FEAE /* IlluminateTests */,
				F7A0000E2F5E1A550043FEAE /* IlluminateUITests */,
				F76B1F822F5E21300043FEAE /* Frameworks */,
				F76B1DFD2F5E1A520043FEAE /* Products */,
				F78406BC30310EAF000DF0D9 /* Recovered References */,
			);
			sourceTree = "<group>";
		};
		F76B1DFD2F5E1A520043FEAE /* Products */ = {
			isa = PBXGroup;
			children = (
				F76B1DFC2F5E1A520043FEAE /* Illuminate.app */,
				F76B1E0B2F5E1A550043FEAE /* IlluminateTests.xctest */,
				F7A0000B2F5E1A550043FEAE /* IlluminateUITests.xctest */,
			);
			name = Products;
			sourceTree = "<group>";
		};
		F76B1F822F5E21300043FEAE /* Frameworks */ = {
			isa = PBXGroup;
			children = (
				F76B1F852F5E213A0043FEAE /* SwiftData.framework */,
				F76B1F832F5E21300043FEAE /* WebKit.framework */,
			);
			name = Frameworks;
			sourceTree = "<group>";
		};
		F78406BC30310EAF000DF0D9 /* Recovered References */ = {
			isa = PBXGroup;
			children = (
			);
			name = "Recovered References";
			sourceTree = "<group>";
		};
/* End PBXGroup section */

/* Begin PBXNativeTarget section */
		F76B1DFB2F5E1A520043FEAE /* Illuminate */ = {
			isa = PBXNativeTarget;
			buildConfigurationList = F76B1E1F2F5E1A550043FEAE /* Build configuration list for PBXNativeTarget "Illuminate" */;
			buildPhases = (
				F76B1DF82F5E1A520043FEAE /* Sources */,
				F76B1DF92F5E1A520043FEAE /* Frameworks */,
				F76B1DFA2F5E1A520043FEAE /* Resources */,
			);
			buildRules = (
			);
			dependencies = (
			);
			fileSystemSynchronizedGroups = (
				F76B1DFE2F5E1A520043FEAE /* Illuminate */,
			);
			name = Illuminate;
			packageProductDependencies = (
			);
			productName = Illuminate;
			productReference = F76B1DFC2F5E1A520043FEAE /* Illuminate.app */;
			productType = "com.apple.product-type.application";
		};
		F76B1E0A2F5E1A550043FEAE /* IlluminateTests */ = {
			isa = PBXNativeTarget;
			buildConfigurationList = F76B1E222F5E1A550043FEAE /* Build configuration list for PBXNativeTarget "IlluminateTests" */;
			buildPhases = (
				F76B1E072F5E1A550043FEAE /* Sources */,
				F76B1E082F5E1A550043FEAE /* Frameworks */,
				F76B1E092F5E1A550043FEAE /* Resources */,
			);
			buildRules = (
			);
			dependencies = (
				F76B1E0D2F5E1A550043FEAE /* PBXTargetDependency */,
			);
			fileSystemSynchronizedGroups = (
				F76B1E0E2F5E1A550043FEAE /* IlluminateTests */,
			);
			name = IlluminateTests;
			packageProductDependencies = (
			);
			productName = IlluminateTests;
			productReference = F76B1E0B2F5E1A550043FEAE /* IlluminateTests.xctest */;
			productType = "com.apple.product-type.bundle.unit-test";
		};
		F7A0000A2F5E1A550043FEAE /* IlluminateUITests */ = {
			isa = PBXNativeTarget;
			buildConfigurationList = F7A000222F5E1A550043FEAE /* Build configuration list for PBXNativeTarget "IlluminateUITests" */;
			buildPhases = (
				F7A000072F5E1A550043FEAE /* Sources */,
				F7A000082F5E1A550043FEAE /* Frameworks */,
				F7A000092F5E1A550043FEAE /* Resources */,
			);
			buildRules = (
			);
			dependencies = (
				F7A0000D2F5E1A550043FEAE /* PBXTargetDependency */,
			);
			fileSystemSynchronizedGroups = (
				F7A0000E2F5E1A550043FEAE /* IlluminateUITests */,
			);
			name = IlluminateUITests;
			packageProductDependencies = (
			);
			productName = IlluminateUITests;
			productReference = F7A0000B2F5E1A550043FEAE /* IlluminateUITests.xctest */;
			productType = "com.apple.product-type.bundle.ui-testing";
		};
/* End PBXNativeTarget section */

/* Begin PBXProject section */
		F76B1DF42F5E1A520043FEAE /* Project object */ = {
			isa = PBXProject;
			attributes = {
				BuildIndependentTargetsInParallel = 1;
				LastSwiftUpdateCheck = 2630;
				LastUpgradeCheck = 2640;
				TargetAttributes = {
					F76B1DFB2F5E1A520043FEAE = {
						CreatedOnToolsVersion = 26.3;
					};
					F76B1E0A2F5E1A550043FEAE = {
						CreatedOnToolsVersion = 26.3;
						TestTargetID = F76B1DFB2F5E1A520043FEAE;
					};
					F7A0000A2F5E1A550043FEAE = {
						CreatedOnToolsVersion = 26.3;
						TestTargetID = F76B1DFB2F5E1A520043FEAE;
					};
				};
			};
			buildConfigurationList = F76B1DF72F5E1A520043FEAE /* Build configuration list for PBXProject "Illuminate" */;
			developmentRegion = en;
			hasScannedForEncodings = 0;
			knownRegions = (
				en,
				Base,
			);
			mainGroup = F76B1DF32F5E1A520043FEAE;
			minimizedProjectReferenceProxies = 1;
			preferredProjectObjectVersion = 77;
			productRefGroup = F76B1DFD2F5E1A520043FEAE /* Products */;
			projectDirPath = "";
			projectRoot = "";
			targets = (
				F76B1DFB2F5E1A520043FEAE /* Illuminate */,
				F76B1E0A2F5E1A550043FEAE /* IlluminateTests */,
				F7A0000A2F5E1A550043FEAE /* IlluminateUITests */,
			);
		};
/* End PBXProject section */

/* Begin PBXResourcesBuildPhase section */
		F76B1DFA2F5E1A520043FEAE /* Resources */ = {
			isa = PBXResourcesBuildPhase;
			buildActionMask = 2147483647;
			files = (
			);
			runOnlyForDeploymentPostprocessing = 0;
		};
		F76B1E092F5E1A550043FEAE /* Resources */ = {
			isa = PBXResourcesBuildPhase;
			buildActionMask = 2147483647;
			files = (
			);
			runOnlyForDeploymentPostprocessing = 0;
		};
		F7A000092F5E1A550043FEAE /* Resources */ = {
			isa = PBXResourcesBuildPhase;
			buildActionMask = 2147483647;
			files = (
			);
			runOnlyForDeploymentPostprocessing = 0;
		};
/* End PBXResourcesBuildPhase section */

/* Begin PBXSourcesBuildPhase section */
		F76B1DF82F5E1A520043FEAE /* Sources */ = {
			isa = PBXSourcesBuildPhase;
			buildActionMask = 2147483647;
			files = (
			);
			runOnlyForDeploymentPostprocessing = 0;
		};
		F76B1E072F5E1A550043FEAE /* Sources */ = {
			isa = PBXSourcesBuildPhase;
			buildActionMask = 2147483647;
			files = (
			);
			runOnlyForDeploymentPostprocessing = 0;
		};
		F7A000072F5E1A550043FEAE /* Sources */ = {
			isa = PBXSourcesBuildPhase;
			buildActionMask = 2147483647;
			files = (
			);
			runOnlyForDeploymentPostprocessing = 0;
		};
/* End PBXSourcesBuildPhase section */

/* Begin PBXTargetDependency section */
		F76B1E0D2F5E1A550043FEAE /* PBXTargetDependency */ = {
			isa = PBXTargetDependency;
			target = F76B1DFB2F5E1A520043FEAE /* Illuminate */;
			targetProxy = F76B1E0C2F5E1A550043FEAE /* PBXContainerItemProxy */;
		};
		F7A0000D2F5E1A550043FEAE /* PBXTargetDependency */ = {
			isa = PBXTargetDependency;
			target = F76B1DFB2F5E1A520043FEAE /* Illuminate */;
			targetProxy = F7A0000C2F5E1A550043FEAE /* PBXContainerItemProxy */;
		};
/* End PBXTargetDependency section */

/* Begin XCBuildConfiguration section */
		F76B1E1D2F5E1A550043FEAE /* Debug */ = {
			isa = XCBuildConfiguration;
			buildSettings = {
				ALWAYS_SEARCH_USER_PATHS = NO;
				ASSETCATALOG_COMPILER_GENERATE_SWIFT_ASSET_SYMBOL_EXTENSIONS = YES;
				CLANG_ANALYZER_NONNULL = YES;
				CLANG_ANALYZER_NUMBER_OBJECT_CONVERSION = YES_AGGRESSIVE;
				CLANG_CXX_LANGUAGE_STANDARD = "gnu++20";
				CLANG_ENABLE_MODULES = YES;
				CLANG_ENABLE_OBJC_ARC = YES;
				CLANG_ENABLE_OBJC_WEAK = YES;
				CLANG_WARN_BLOCK_CAPTURE_AUTORELEASING = YES;
				CLANG_WARN_BOOL_CONVERSION = YES;
				CLANG_WARN_COMMA = YES;
				CLANG_WARN_CONSTANT_CONVERSION = YES;
				CLANG_WARN_DEPRECATED_OBJC_IMPLEMENTATIONS = YES;
				CLANG_WARN_DIRECT_OBJC_ISA_USAGE = YES_ERROR;
				CLANG_WARN_DOCUMENTATION_COMMENTS = YES;
				CLANG_WARN_EMPTY_BODY = YES;
				CLANG_WARN_ENUM_CONVERSION = YES;
				CLANG_WARN_INFINITE_RECURSION = YES;
				CLANG_WARN_INT_CONVERSION = YES;
				CLANG_WARN_NON_LITERAL_NULL_CONVERSION = YES;
				CLANG_WARN_OBJC_IMPLICIT_RETAIN_SELF = YES;
				CLANG_WARN_OBJC_LITERAL_CONVERSION = YES;
				CLANG_WARN_OBJC_ROOT_CLASS = YES_ERROR;
				CLANG_WARN_QUOTED_INCLUDE_IN_FRAMEWORK_HEADER = YES;
				CLANG_WARN_RANGE_LOOP_ANALYSIS = YES;
				CLANG_WARN_STRICT_PROTOTYPES = YES;
				CLANG_WARN_SUSPICIOUS_MOVE = YES;
				CLANG_WARN_UNGUARDED_AVAILABILITY = YES_AGGRESSIVE;
				CLANG_WARN_UNREACHABLE_CODE = YES;
				CLANG_WARN__DUPLICATE_METHOD_MATCH = YES;
				COPY_PHASE_STRIP = NO;
				DEAD_CODE_STRIPPING = YES;
				DEBUG_INFORMATION_FORMAT = dwarf;
				DEVELOPMENT_TEAM = 548N22VJX8;
				ENABLE_STRICT_OBJC_MSGSEND = YES;
				ENABLE_TESTABILITY = YES;
				ENABLE_USER_SCRIPT_SANDBOXING = YES;
				GCC_C_LANGUAGE_STANDARD = gnu17;
				GCC_DYNAMIC_NO_PIC = NO;
				GCC_NO_COMMON_BLOCKS = YES;
				GCC_OPTIMIZATION_LEVEL = 0;
				GCC_PREPROCESSOR_DEFINITIONS = (
					"DEBUG=1",
					"$(inherited)",
				);
				GCC_WARN_64_TO_32_BIT_CONVERSION = YES;
				GCC_WARN_ABOUT_RETURN_TYPE = YES_ERROR;
				GCC_WARN_UNDECLARED_SELECTOR = YES;
				GCC_WARN_UNINITIALIZED_AUTOS = YES_AGGRESSIVE;
				GCC_WARN_UNUSED_FUNCTION = YES;
				GCC_WARN_UNUSED_VARIABLE = YES;
				LOCALIZATION_PREFERS_STRING_CATALOGS = YES;
				MACOSX_DEPLOYMENT_TARGET = 26.0;
				MTL_ENABLE_DEBUG_INFO = INCLUDE_SOURCE;
				MTL_FAST_MATH = YES;
				ONLY_ACTIVE_ARCH = YES;
				SDKROOT = macosx;
				STRING_CATALOG_GENERATE_SYMBOLS = YES;
				SWIFT_ACTIVE_COMPILATION_CONDITIONS = "DEBUG $(inherited)";
				SWIFT_OPTIMIZATION_LEVEL = "-Onone";
			};
			name = Debug;
		};
		F76B1E1E2F5E1A550043FEAE /* Release */ = {
			isa = XCBuildConfiguration;
			buildSettings = {
				ALWAYS_SEARCH_USER_PATHS = NO;
				ASSETCATALOG_COMPILER_GENERATE_SWIFT_ASSET_SYMBOL_EXTENSIONS = YES;
				CLANG_ANALYZER_NONNULL = YES;
				CLANG_ANALYZER_NUMBER_OBJECT_CONVERSION = YES_AGGRESSIVE;
				CLANG_CXX_LANGUAGE_STANDARD = "gnu++20";
				CLANG_ENABLE_MODULES = YES;
				CLANG_ENABLE_OBJC_ARC = YES;
				CLANG_ENABLE_OBJC_WEAK = YES;
				CLANG_WARN_BLOCK_CAPTURE_AUTORELEASING = YES;
				CLANG_WARN_BOOL_CONVERSION = YES;
				CLANG_WARN_COMMA = YES;
				CLANG_WARN_CONSTANT_CONVERSION = YES;
				CLANG_WARN_DEPRECATED_OBJC_IMPLEMENTATIONS = YES;
				CLANG_WARN_DIRECT_OBJC_ISA_USAGE = YES_ERROR;
				CLANG_WARN_DOCUMENTATION_COMMENTS = YES;
				CLANG_WARN_EMPTY_BODY = YES;
				CLANG_WARN_ENUM_CONVERSION = YES;
				CLANG_WARN_INFINITE_RECURSION = YES;
				CLANG_WARN_INT_CONVERSION = YES;
				CLANG_WARN_NON_LITERAL_NULL_CONVERSION = YES;
				CLANG_WARN_OBJC_IMPLICIT_RETAIN_SELF = YES;
				CLANG_WARN_OBJC_LITERAL_CONVERSION = YES;
				CLANG_WARN_OBJC_ROOT_CLASS = YES_ERROR;
				CLANG_WARN_QUOTED_INCLUDE_IN_FRAMEWORK_HEADER = YES;
				CLANG_WARN_RANGE_LOOP_ANALYSIS = YES;
				CLANG_WARN_STRICT_PROTOTYPES = YES;
				CLANG_WARN_SUSPICIOUS_MOVE = YES;
				CLANG_WARN_UNGUARDED_AVAILABILITY = YES_AGGRESSIVE;
				CLANG_WARN_UNREACHABLE_CODE = YES;
				CLANG_WARN__DUPLICATE_METHOD_MATCH = YES;
				COPY_PHASE_STRIP = NO;
				DEAD_CODE_STRIPPING = YES;
				DEBUG_INFORMATION_FORMAT = "dwarf-with-dsym";
				DEVELOPMENT_TEAM = 548N22VJX8;
				ENABLE_NS_ASSERTIONS = NO;
				ENABLE_STRICT_OBJC_MSGSEND = YES;
				ENABLE_USER_SCRIPT_SANDBOXING = YES;
				GCC_C_LANGUAGE_STANDARD = gnu17;
				GCC_NO_COMMON_BLOCKS = YES;
				GCC_WARN_64_TO_32_BIT_CONVERSION = YES;
				GCC_WARN_ABOUT_RETURN_TYPE = YES_ERROR;
				GCC_WARN_UNDECLARED_SELECTOR = YES;
				GCC_WARN_UNINITIALIZED_AUTOS = YES_AGGRESSIVE;
				GCC_WARN_UNUSED_FUNCTION = YES;
				GCC_WARN_UNUSED_VARIABLE = YES;
				LOCALIZATION_PREFERS_STRING_CATALOGS = YES;
				MACOSX_DEPLOYMENT_TARGET = 26.0;
				MTL_ENABLE_DEBUG_INFO = NO;
				MTL_FAST_MATH = YES;
				SDKROOT = macosx;
				STRING_CATALOG_GENERATE_SYMBOLS = YES;
				SWIFT_COMPILATION_MODE = wholemodule;
			};
			name = Release;
		};
		F76B1E202F5E1A550043FEAE /* Debug */ = {
			isa = XCBuildConfiguration;
			buildSettings = {
				ASSETCATALOG_COMPILER_APPICON_NAME = AppIcon;
				ASSETCATALOG_COMPILER_GLOBAL_ACCENT_COLOR_NAME = AccentColor;
				CODE_SIGN_ENTITLEMENTS = Illuminate/Illuminate.entitlements;
				"CODE_SIGN_IDENTITY[sdk=macosx*]" = "Apple Development";
				CODE_SIGN_STYLE = Automatic;
				COMBINE_HIDPI_IMAGES = YES;
				CURRENT_PROJECT_VERSION = 1;
				DEAD_CODE_STRIPPING = YES;
				DEVELOPMENT_TEAM = 548N22VJX8;
				ENABLE_APP_SANDBOX = YES;
				ENABLE_HARDENED_RUNTIME = YES;
				ENABLE_INCOMING_NETWORK_CONNECTIONS = YES;
				ENABLE_OUTGOING_NETWORK_CONNECTIONS = YES;
				ENABLE_PREVIEWS = YES;
				ENABLE_RESOURCE_ACCESS_AUDIO_INPUT = NO;
				ENABLE_RESOURCE_ACCESS_BLUETOOTH = NO;
				ENABLE_RESOURCE_ACCESS_CALENDARS = NO;
				ENABLE_RESOURCE_ACCESS_CAMERA = NO;
				ENABLE_RESOURCE_ACCESS_CONTACTS = NO;
				ENABLE_RESOURCE_ACCESS_LOCATION = NO;
				ENABLE_RESOURCE_ACCESS_PRINTING = YES;
				ENABLE_RESOURCE_ACCESS_USB = NO;
				ENABLE_USER_SELECTED_FILES = readonly;
				GENERATE_INFOPLIST_FILE = YES;
				INFOPLIST_KEY_NSCameraUsageDescription = "Illuminate uses the camera only when you allow a website to access it.";
				INFOPLIST_KEY_NSHumanReadableCopyright = "";
				INFOPLIST_KEY_NSLocationWhenInUseUsageDescription = "Illuminate uses your location only when you allow a website to access it.";
				INFOPLIST_KEY_NSMicrophoneUsageDescription = "Illuminate uses the microphone only when you allow a website to access it.";
				LD_RUNPATH_SEARCH_PATHS = (
					"$(inherited)",
					"@executable_path/../Frameworks",
				);
				MACOSX_DEPLOYMENT_TARGET = 26.0;
				MARKETING_VERSION = 1.0;
				PRODUCT_BUNDLE_IDENTIFIER = com.MrBlankCoding.Illuminate;
				PRODUCT_NAME = "$(TARGET_NAME)";
				REGISTER_APP_GROUPS = YES;
				STRING_CATALOG_GENERATE_SYMBOLS = YES;
				SWIFT_APPROACHABLE_CONCURRENCY = YES;
				SWIFT_DEFAULT_ACTOR_ISOLATION = MainActor;
				SWIFT_EMIT_LOC_STRINGS = YES;
				SWIFT_UPCOMING_FEATURE_MEMBER_IMPORT_VISIBILITY = YES;
				SWIFT_VERSION = 5.0;
			};
			name = Debug;
		};
		F76B1E212F5E1A550043FEAE /* Release */ = {
			isa = XCBuildConfiguration;
			buildSettings = {
				ASSETCATALOG_COMPILER_APPICON_NAME = AppIcon;
				ASSETCATALOG_COMPILER_GLOBAL_ACCENT_COLOR_NAME = AccentColor;
				CODE_SIGN_ENTITLEMENTS = Illuminate/Illuminate.entitlements;
				"CODE_SIGN_IDENTITY[sdk=macosx*]" = "Apple Development";
				CODE_SIGN_STYLE = Automatic;
				COMBINE_HIDPI_IMAGES = YES;
				CURRENT_PROJECT_VERSION = 1;
				DEAD_CODE_STRIPPING = YES;
				DEVELOPMENT_TEAM = 548N22VJX8;
				ENABLE_APP_SANDBOX = YES;
				ENABLE_HARDENED_RUNTIME = YES;
				ENABLE_INCOMING_NETWORK_CONNECTIONS = YES;
				ENABLE_OUTGOING_NETWORK_CONNECTIONS = YES;
				ENABLE_PREVIEWS = YES;
				ENABLE_RESOURCE_ACCESS_AUDIO_INPUT = NO;
				ENABLE_RESOURCE_ACCESS_BLUETOOTH = NO;
				ENABLE_RESOURCE_ACCESS_CALENDARS = NO;
				ENABLE_RESOURCE_ACCESS_CAMERA = YES;
				ENABLE_RESOURCE_ACCESS_CONTACTS = NO;
				ENABLE_RESOURCE_ACCESS_LOCATION = YES;
				ENABLE_RESOURCE_ACCESS_PRINTING = YES;
				ENABLE_RESOURCE_ACCESS_USB = NO;
				ENABLE_USER_SELECTED_FILES = readonly;
				GENERATE_INFOPLIST_FILE = YES;
				INFOPLIST_KEY_NSCameraUsageDescription = "Illuminate uses the camera only when you allow a website to access it.";
				INFOPLIST_KEY_NSHumanReadableCopyright = "";
				INFOPLIST_KEY_NSLocationWhenInUseUsageDescription = "Illuminate uses your location only when you allow a website to access it.";
				INFOPLIST_KEY_NSMicrophoneUsageDescription = "Illuminate uses the microphone only when you allow a website to access it.";
				LD_RUNPATH_SEARCH_PATHS = (
					"$(inherited)",
					"@executable_path/../Frameworks",
				);
				MACOSX_DEPLOYMENT_TARGET = 26.0;
				MARKETING_VERSION = 1.0;
				PRODUCT_BUNDLE_IDENTIFIER = com.MrBlankCoding.Illuminate;
				PRODUCT_NAME = "$(TARGET_NAME)";
				REGISTER_APP_GROUPS = YES;
				STRING_CATALOG_GENERATE_SYMBOLS = YES;
				SWIFT_APPROACHABLE_CONCURRENCY = YES;
				SWIFT_DEFAULT_ACTOR_ISOLATION = MainActor;
				SWIFT_EMIT_LOC_STRINGS = YES;
				SWIFT_UPCOMING_FEATURE_MEMBER_IMPORT_VISIBILITY = YES;
				SWIFT_VERSION = 5.0;
			};
			name = Release;
		};
		F76B1E232F5E1A550043FEAE /* Debug */ = {
			isa = XCBuildConfiguration;
			buildSettings = {
				BUNDLE_LOADER = "$(TEST_HOST)";
				CODE_SIGN_STYLE = Automatic;
				CURRENT_PROJECT_VERSION = 1;
				DEAD_CODE_STRIPPING = YES;
				DEVELOPMENT_TEAM = 548N22VJX8;
				GENERATE_INFOPLIST_FILE = YES;
				MACOSX_DEPLOYMENT_TARGET = 26.0;
				MARKETING_VERSION = 1.0;
				PRODUCT_BUNDLE_IDENTIFIER = com.MrBlankCoding.IlluminateTests;
				PRODUCT_NAME = "$(TARGET_NAME)";
				STRING_CATALOG_GENERATE_SYMBOLS = NO;
				SWIFT_APPROACHABLE_CONCURRENCY = YES;
				SWIFT_EMIT_LOC_STRINGS = NO;
				SWIFT_UPCOMING_FEATURE_MEMBER_IMPORT_VISIBILITY = YES;
				SWIFT_VERSION = 5.0;
				TEST_HOST = "$(BUILT_PRODUCTS_DIR)/Illuminate.app/$(BUNDLE_EXECUTABLE_FOLDER_PATH)/Illuminate";
			};
			name = Debug;
		};
		F76B1E242F5E1A550043FEAE /* Release */ = {
			isa = XCBuildConfiguration;
			buildSettings = {
				BUNDLE_LOADER = "$(TEST_HOST)";
				CODE_SIGN_STYLE = Automatic;
				CURRENT_PROJECT_VERSION = 1;
				DEAD_CODE_STRIPPING = YES;
				DEVELOPMENT_TEAM = 548N22VJX8;
				GENERATE_INFOPLIST_FILE = YES;
				MACOSX_DEPLOYMENT_TARGET = 26.0;
				MARKETING_VERSION = 1.0;
				PRODUCT_BUNDLE_IDENTIFIER = com.MrBlankCoding.IlluminateTests;
				PRODUCT_NAME = "$(TARGET_NAME)";
				STRING_CATALOG_GENERATE_SYMBOLS = NO;
				SWIFT_APPROACHABLE_CONCURRENCY = YES;
				SWIFT_EMIT_LOC_STRINGS = NO;
				SWIFT_UPCOMING_FEATURE_MEMBER_IMPORT_VISIBILITY = YES;
				SWIFT_VERSION = 5.0;
				TEST_HOST = "$(BUILT_PRODUCTS_DIR)/Illuminate.app/$(BUNDLE_EXECUTABLE_FOLDER_PATH)/Illuminate";
			};
			name = Release;
		};
		F7A000232F5E1A550043FEAE /* Debug */ = {
			isa = XCBuildConfiguration;
			buildSettings = {
				CODE_SIGN_STYLE = Automatic;
				CURRENT_PROJECT_VERSION = 1;
				DEVELOPMENT_TEAM = 548N22VJX8;
				GENERATE_INFOPLIST_FILE = YES;
				MACOSX_DEPLOYMENT_TARGET = 26.0;
				MARKETING_VERSION = 1.0;
				PRODUCT_BUNDLE_IDENTIFIER = com.MrBlankCoding.IlluminateUITests;
				PRODUCT_NAME = "$(TARGET_NAME)";
				STRING_CATALOG_GENERATE_SYMBOLS = NO;
				SWIFT_EMIT_LOC_STRINGS = NO;
				SWIFT_VERSION = 5.0;
				TEST_TARGET_NAME = Illuminate;
			};
			name = Debug;
		};
		F7A000242F5E1A550043FEAE /* Release */ = {
			isa = XCBuildConfiguration;
			buildSettings = {
				CODE_SIGN_STYLE = Automatic;
				CURRENT_PROJECT_VERSION = 1;
				DEVELOPMENT_TEAM = 548N22VJX8;
				GENERATE_INFOPLIST_FILE = YES;
				MACOSX_DEPLOYMENT_TARGET = 26.0;
				MARKETING_VERSION = 1.0;
				PRODUCT_BUNDLE_IDENTIFIER = com.MrBlankCoding.IlluminateUITests;
				PRODUCT_NAME = "$(TARGET_NAME)";
				STRING_CATALOG_GENERATE_SYMBOLS = NO;
				SWIFT_EMIT_LOC_STRINGS = NO;
				SWIFT_VERSION = 5.0;
				TEST_TARGET_NAME = Illuminate;
			};
			name = Release;
		};
/* End XCBuildConfiguration section */

/* Begin XCConfigurationList section */
		F76B1DF72F5E1A520043FEAE /* Build configuration list for PBXProject "Illuminate" */ = {
			isa = XCConfigurationList;
			buildConfigurations = (
				F76B1E1D2F5E1A550043FEAE /* Debug */,
				F76B1E1E2F5E1A550043FEAE /* Release */,
			);
			defaultConfigurationIsVisible = 0;
			defaultConfigurationName = Release;
		};
		F76B1E1F2F5E1A550043FEAE /* Build configuration list for PBXNativeTarget "Illuminate" */ = {
			isa = XCConfigurationList;
			buildConfigurations = (
				F76B1E202F5E1A550043FEAE /* Debug */,
				F76B1E212F5E1A550043FEAE /* Release */,
			);
			defaultConfigurationIsVisible = 0;
			defaultConfigurationName = Release;
		};
		F76B1E222F5E1A550043FEAE /* Build configuration list for PBXNativeTarget "IlluminateTests" */ = {
			isa = XCConfigurationList;
			buildConfigurations = (
				F76B1E232F5E1A550043FEAE /* Debug */,
				F76B1E242F5E1A550043FEAE /* Release */,
			);
			defaultConfigurationIsVisible = 0;
			defaultConfigurationName = Release;
		};
		F7A000222F5E1A550043FEAE /* Build configuration list for PBXNativeTarget "IlluminateUITests" */ = {
			isa = XCConfigurationList;
			buildConfigurations = (
				F7A000232F5E1A550043FEAE /* Debug */,
				F7A000242F5E1A550043FEAE /* Release */,
			);
			defaultConfigurationIsVisible = 0;
			defaultConfigurationName = Release;
		};
/* End XCConfigurationList section */
	};
	rootObject = F76B1DF42F5E1A520043FEAE /* Project object */;
}
